// !$*UTF8*$!
{
	archiveVersion = 1;
	classes = {
	};
	objectVersion = 56;
	objects = {

/* Begin PBXBuildFile section */
		E80BCC7B2A936AF200003E61 /* NetworkManager.swift in Sources */ = {isa = PBXBuildFile; fileRef = E80BCC7A2A936AF200003E61 /* NetworkManager.swift */; };
		E80BCC7F2A93733D00003E61 /* Endpoint.swift in Sources */ = {isa = PBXBuildFile; fileRef = E80BCC7E2A93733D00003E61 /* Endpoint.swift */; };
		E80BCC812A93746300003E61 /* NetworkMethod.swift in Sources */ = {isa = PBXBuildFile; fileRef = E80BCC802A93746300003E61 /* NetworkMethod.swift */; };
		E80BCC832A93784700003E61 /* CustomErrors.swift in Sources */ = {isa = PBXBuildFile; fileRef = E80BCC822A93784700003E61 /* CustomErrors.swift */; };
		E80BCC892A977EAB00003E61 /* UIViewController+Extension.swift in Sources */ = {isa = PBXBuildFile; fileRef = E80BCC882A977EAB00003E61 /* UIViewController+Extension.swift */; };
		E80BCC8E2A9B9EFC00003E61 /* Character+Extension.swift in Sources */ = {isa = PBXBuildFile; fileRef = E80BCC8D2A9B9EFC00003E61 /* Character+Extension.swift */; };
		E80BCC902A9BA3E600003E61 /* MealEnums.swift in Sources */ = {isa = PBXBuildFile; fileRef = E80BCC8F2A9BA3E600003E61 /* MealEnums.swift */; };
		E80BCC942A9BC81800003E61 /* YouTubeiOSPlayerHelper in Frameworks */ = {isa = PBXBuildFile; productRef = E80BCC932A9BC81800003E61 /* YouTubeiOSPlayerHelper */; };
		E80BCC972A9C831C00003E61 /* VideoView.swift in Sources */ = {isa = PBXBuildFile; fileRef = E80BCC962A9C831C00003E61 /* VideoView.swift */; };
		E80BCC992A9C832600003E61 /* VideoInteractor.swift in Sources */ = {isa = PBXBuildFile; fileRef = E80BCC982A9C832600003E61 /* VideoInteractor.swift */; };
		E80BCC9B2A9C832E00003E61 /* VideoPresenter.swift in Sources */ = {isa = PBXBuildFile; fileRef = E80BCC9A2A9C832E00003E61 /* VideoPresenter.swift */; };
		E80BCC9D2A9C833500003E61 /* VideoEntity.swift in Sources */ = {isa = PBXBuildFile; fileRef = E80BCC9C2A9C833500003E61 /* VideoEntity.swift */; };
		E80BCC9F2A9C833F00003E61 /* VideoRouter.swift in Sources */ = {isa = PBXBuildFile; fileRef = E80BCC9E2A9C833F00003E61 /* VideoRouter.swift */; };
		E80BCCA12A9CA5DB00003E61 /* String+Extension.swift in Sources */ = {isa = PBXBuildFile; fileRef = E80BCCA02A9CA5DB00003E61 /* String+Extension.swift */; };
		E8E3F1FD2A8E38F1003AD1AC /* AppDelegate.swift in Sources */ = {isa = PBXBuildFile; fileRef = E8E3F1FC2A8E38F1003AD1AC /* AppDelegate.swift */; };
		E8E3F1FF2A8E38F1003AD1AC /* SceneDelegate.swift in Sources */ = {isa = PBXBuildFile; fileRef = E8E3F1FE2A8E38F1003AD1AC /* SceneDelegate.swift */; };
		E8E3F2062A8E38F5003AD1AC /* Assets.xcassets in Resources */ = {isa = PBXBuildFile; fileRef = E8E3F2052A8E38F5003AD1AC /* Assets.xcassets */; };
		E8E3F2092A8E38F5003AD1AC /* LaunchScreen.storyboard in Resources */ = {isa = PBXBuildFile; fileRef = E8E3F2072A8E38F5003AD1AC /* LaunchScreen.storyboard */; };
		E8E3F2112A8E3F00003AD1AC /* HomeView.swift in Sources */ = {isa = PBXBuildFile; fileRef = E8E3F2102A8E3F00003AD1AC /* HomeView.swift */; };
		E8E3F2172A8E4019003AD1AC /* HomeInteractor.swift in Sources */ = {isa = PBXBuildFile; fileRef = E8E3F2162A8E4019003AD1AC /* HomeInteractor.swift */; };
		E8E3F2192A8E4020003AD1AC /* HomePresenter.swift in Sources */ = {isa = PBXBuildFile; fileRef = E8E3F2182A8E4020003AD1AC /* HomePresenter.swift */; };
		E8E3F21B2A8E402F003AD1AC /* HomeEntity.swift in Sources */ = {isa = PBXBuildFile; fileRef = E8E3F21A2A8E402F003AD1AC /* HomeEntity.swift */; };
		E8E3F21D2A8E4036003AD1AC /* HomeRouter.swift in Sources */ = {isa = PBXBuildFile; fileRef = E8E3F21C2A8E4036003AD1AC /* HomeRouter.swift */; };
		E8E3F21F2A8E4040003AD1AC /* DetailView.swift in Sources */ = {isa = PBXBuildFile; fileRef = E8E3F21E2A8E4040003AD1AC /* DetailView.swift */; };
		E8E3F2212A8E4047003AD1AC /* DetailInteractor.swift in Sources */ = {isa = PBXBuildFile; fileRef = E8E3F2202A8E4047003AD1AC /* DetailInteractor.swift */; };
		E8E3F2232A8E404E003AD1AC /* DetailPresenter.swift in Sources */ = {isa = PBXBuildFile; fileRef = E8E3F2222A8E404D003AD1AC /* DetailPresenter.swift */; };
		E8E3F2252A8E4058003AD1AC /* DetailEntity.swift in Sources */ = {isa = PBXBuildFile; fileRef = E8E3F2242A8E4058003AD1AC /* DetailEntity.swift */; };
		E8E3F2272A8E405D003AD1AC /* DetailRouter.swift in Sources */ = {isa = PBXBuildFile; fileRef = E8E3F2262A8E405D003AD1AC /* DetailRouter.swift */; };
		E8E3F22A2A8E40CA003AD1AC /* SnapKit in Frameworks */ = {isa = PBXBuildFile; productRef = E8E3F2292A8E40CA003AD1AC /* SnapKit */; };
		E8EDF2182A8E4B3F0008FE58 /* Alamofire in Frameworks */ = {isa = PBXBuildFile; productRef = E8EDF2172A8E4B3F0008FE58 /* Alamofire */; };
		E8EDF21B2A8E4B4B0008FE58 /* Kingfisher in Frameworks */ = {isa = PBXBuildFile; productRef = E8EDF21A2A8E4B4B0008FE58 /* Kingfisher */; };
		E8EDF21E2A8E4C170008FE58 /* HomeCell.swift in Sources */ = {isa = PBXBuildFile; fileRef = E8EDF21D2A8E4C170008FE58 /* HomeCell.swift */; };
		E8EDF2202A8E4C630008FE58 /* Color.swift in Sources */ = {isa = PBXBuildFile; fileRef = E8EDF21F2A8E4C630008FE58 /* Color.swift */; };
/* End PBXBuildFile section */

/* Begin PBXFileReference section */
		E80BCC7A2A936AF200003E61 /* NetworkManager.swift */ = {isa = PBXFileReference; lastKnownFileType = sourcecode.swift; path = NetworkManager.swift; sourceTree = "<group>"; };
		E80BCC7E2A93733D00003E61 /* Endpoint.swift */ = {isa = PBXFileReference; lastKnownFileType = sourcecode.swift; path = Endpoint.swift; sourceTree = "<group>"; };
		E80BCC802A93746300003E61 /* NetworkMethod.swift */ = {isa = PBXFileReference; lastKnownFileType = sourcecode.swift; path = NetworkMethod.swift; sourceTree = "<group>"; };
		E80BCC822A93784700003E61 /* CustomErrors.swift */ = {isa = PBXFileReference; lastKnownFileType = sourcecode.swift; path = CustomErrors.swift; sourceTree = "<group>"; };
		E80BCC882A977EAB00003E61 /* UIViewController+Extension.swift */ = {isa = PBXFileReference; lastKnownFileType = sourcecode.swift; path = "UIViewController+Extension.swift"; sourceTree = "<group>"; };
		E80BCC8D2A9B9EFC00003E61 /* Character+Extension.swift */ = {isa = PBXFileReference; lastKnownFileType = sourcecode.swift; path = "Character+Extension.swift"; sourceTree = "<group>"; };
		E80BCC8F2A9BA3E600003E61 /* MealEnums.swift */ = {isa = PBXFileReference; lastKnownFileType = sourcecode.swift; path = MealEnums.swift; sourceTree = "<group>"; };
		E80BCC962A9C831C00003E61 /* VideoView.swift */ = {isa = PBXFileReference; lastKnownFileType = sourcecode.swift; path = VideoView.swift; sourceTree = "<group>"; };
		E80BCC982A9C832600003E61 /* VideoInteractor.swift */ = {isa = PBXFileReference; lastKnownFileType = sourcecode.swift; path = VideoInteractor.swift; sourceTree = "<group>"; };
		E80BCC9A2A9C832E00003E61 /* VideoPresenter.swift */ = {isa = PBXFileReference; lastKnownFileType = sourcecode.swift; path = VideoPresenter.swift; sourceTree = "<group>"; };
		E80BCC9C2A9C833500003E61 /* VideoEntity.swift */ = {isa = PBXFileReference; lastKnownFileType = sourcecode.swift; path = VideoEntity.swift; sourceTree = "<group>"; };
		E80BCC9E2A9C833F00003E61 /* VideoRouter.swift */ = {isa = PBXFileReference; lastKnownFileType = sourcecode.swift; path = VideoRouter.swift; sourceTree = "<group>"; };
		E80BCCA02A9CA5DB00003E61 /* String+Extension.swift */ = {isa = PBXFileReference; lastKnownFileType = sourcecode.swift; path = "String+Extension.swift"; sourceTree = "<group>"; };
		E8E3F1F92A8E38F1003AD1AC /* MealApp.app */ = {isa = PBXFileReference; explicitFileType = wrapper.application; includeInIndex = 0; path = MealApp.app; sourceTree = BUILT_PRODUCTS_DIR; };
		E8E3F1FC2A8E38F1003AD1AC /* AppDelegate.swift */ = {isa = PBXFileReference; lastKnownFileType = sourcecode.swift; path = AppDelegate.swift; sourceTree = "<group>"; };
		E8E3F1FE2A8E38F1003AD1AC /* SceneDelegate.swift */ = {isa = PBXFileReference; lastKnownFileType = sourcecode.swift; path = SceneDelegate.swift; sourceTree = "<group>"; };
		E8E3F2052A8E38F5003AD1AC /* Assets.xcassets */ = {isa = PBXFileReference; lastKnownFileType = folder.assetcatalog; path = Assets.xcassets; sourceTree = "<group>"; };
		E8E3F2082A8E38F5003AD1AC /* Base */ = {isa = PBXFileReference; lastKnownFileType = file.storyboard; name = Base; path = Base.lproj/LaunchScreen.storyboard; sourceTree = "<group>"; };
		E8E3F20A2A8E38F5003AD1AC /* Info.plist */ = {isa = PBXFileReference; lastKnownFileType = text.plist.xml; path = Info.plist; sourceTree = "<group>"; };
		E8E3F2102A8E3F00003AD1AC /* HomeView.swift */ = {isa = PBXFileReference; lastKnownFileType = sourcecode.swift; path = HomeView.swift; sourceTree = "<group>"; };
		E8E3F2162A8E4019003AD1AC /* HomeInteractor.swift */ = {isa = PBXFileReference; lastKnownFileType = sourcecode.swift; path = HomeInteractor.swift; sourceTree = "<group>"; };
		E8E3F2182A8E4020003AD1AC /* HomePresenter.swift */ = {isa = PBXFileReference; lastKnownFileType = sourcecode.swift; path = HomePresenter.swift; sourceTree = "<group>"; };
		E8E3F21A2A8E402F003AD1AC /* HomeEntity.swift */ = {isa = PBXFileReference; lastKnownFileType = sourcecode.swift; path = HomeEntity.swift; sourceTree = "<group>"; };
		E8E3F21C2A8E4036003AD1AC /* HomeRouter.swift */ = {isa = PBXFileReference; lastKnownFileType = sourcecode.swift; path = HomeRouter.swift; sourceTree = "<group>"; };
		E8E3F21E2A8E4040003AD1AC /* DetailView.swift */ = {isa = PBXFileReference; lastKnownFileType = sourcecode.swift; path = DetailView.swift; sourceTree = "<group>"; };
		E8E3F2202A8E4047003AD1AC /* DetailInteractor.swift */ = {isa = PBXFileReference; lastKnownFileType = sourcecode.swift; path = DetailInteractor.swift; sourceTree = "<group>"; };
		E8E3F2222A8E404D003AD1AC /* DetailPresenter.swift */ = {isa = PBXFileReference; lastKnownFileType = sourcecode.swift; path = DetailPresenter.swift; sourceTree = "<group>"; };
		E8E3F2242A8E4058003AD1AC /* DetailEntity.swift */ = {isa = PBXFileReference; lastKnownFileType = sourcecode.swift; path = DetailEntity.swift; sourceTree = "<group>"; };
		E8E3F2262A8E405D003AD1AC /* DetailRouter.swift */ = {isa = PBXFileReference; lastKnownFileType = sourcecode.swift; path = DetailRouter.swift; sourceTree = "<group>"; };
		E8EDF21D2A8E4C170008FE58 /* HomeCell.swift */ = {isa = PBXFileReference; lastKnownFileType = sourcecode.swift; path = HomeCell.swift; sourceTree = "<group>"; };
		E8EDF21F2A8E4C630008FE58 /* Color.swift */ = {isa = PBXFileReference; lastKnownFileType = sourcecode.swift; path = Color.swift; sourceTree = "<group>"; };
/* End PBXFileReference section */

/* Begin PBXFrameworksBuildPhase section */
		E8E3F1F62A8E38F1003AD1AC /* Frameworks */ = {
			isa = PBXFrameworksBuildPhase;
			buildActionMask = 2147483647;
			files = (
				E8EDF21B2A8E4B4B0008FE58 /* Kingfisher in Frameworks */,
				E8E3F22A2A8E40CA003AD1AC /* SnapKit in Frameworks */,
				E8EDF2182A8E4B3F0008FE58 /* Alamofire in Frameworks */,
				E80BCC942A9BC81800003E61 /* YouTubeiOSPlayerHelper in Frameworks */,
			);
			runOnlyForDeploymentPostprocessing = 0;
		};
/* End PBXFrameworksBuildPhase section */

/* Begin PBXGroup section */
		E80BCC782A93680A00003E61 /* Utils */ = {
			isa = PBXGroup;
			children = (
				E8EDF21F2A8E4C630008FE58 /* Color.swift */,
				E80BCC7E2A93733D00003E61 /* Endpoint.swift */,
				E80BCC802A93746300003E61 /* NetworkMethod.swift */,
				E80BCC822A93784700003E61 /* CustomErrors.swift */,
			);
			path = Utils;
			sourceTree = "<group>";
		};
		E80BCC792A936AD300003E61 /* Managers */ = {
			isa = PBXGroup;
			children = (
				E80BCC7A2A936AF200003E61 /* NetworkManager.swift */,
			);
			path = Managers;
			sourceTree = "<group>";
		};
		E80BCC8A2A978C4600003E61 /* Extensions */ = {
			isa = PBXGroup;
			children = (
				E80BCC882A977EAB00003E61 /* UIViewController+Extension.swift */,
				E80BCC8D2A9B9EFC00003E61 /* Character+Extension.swift */,
				E80BCCA02A9CA5DB00003E61 /* String+Extension.swift */,
			);
			path = Extensions;
			sourceTree = "<group>";
		};
		E80BCC912A9BA3F400003E61 /* Helpers */ = {
			isa = PBXGroup;
			children = (
				E80BCC8F2A9BA3E600003E61 /* MealEnums.swift */,
			);
			path = Helpers;
			sourceTree = "<group>";
		};
		E80BCC952A9C831000003E61 /* Video */ = {
			isa = PBXGroup;
			children = (
				E80BCC962A9C831C00003E61 /* VideoView.swift */,
				E80BCC982A9C832600003E61 /* VideoInteractor.swift */,
				E80BCC9A2A9C832E00003E61 /* VideoPresenter.swift */,
				E80BCC9C2A9C833500003E61 /* VideoEntity.swift */,
				E80BCC9E2A9C833F00003E61 /* VideoRouter.swift */,
			);
			path = Video;
			sourceTree = "<group>";
		};
		E8E3F1F02A8E38F1003AD1AC = {
			isa = PBXGroup;
			children = (
				E8E3F1FB2A8E38F1003AD1AC /* MealApp */,
				E8E3F1FA2A8E38F1003AD1AC /* Products */,
			);
			sourceTree = "<group>";
		};
		E8E3F1FA2A8E38F1003AD1AC /* Products */ = {
			isa = PBXGroup;
			children = (
				E8E3F1F92A8E38F1003AD1AC /* MealApp.app */,
			);
			name = Products;
			sourceTree = "<group>";
		};
		E8E3F1FB2A8E38F1003AD1AC /* MealApp */ = {
			isa = PBXGroup;
			children = (
				E8E3F2122A8E3FD1003AD1AC /* Base */,
				E80BCC792A936AD300003E61 /* Managers */,
				E8E3F2132A8E3FDB003AD1AC /* Modules */,
				E80BCC952A9C831000003E61 /* Video */,
				E80BCC912A9BA3F400003E61 /* Helpers */,
				E80BCC8A2A978C4600003E61 /* Extensions */,
				E80BCC782A93680A00003E61 /* Utils */,
				E8E3F2052A8E38F5003AD1AC /* Assets.xcassets */,
				E8E3F2072A8E38F5003AD1AC /* LaunchScreen.storyboard */,
				E8E3F20A2A8E38F5003AD1AC /* Info.plist */,
			);
			path = MealApp;
			sourceTree = "<group>";
		};
		E8E3F2122A8E3FD1003AD1AC /* Base */ = {
			isa = PBXGroup;
			children = (
				E8E3F1FC2A8E38F1003AD1AC /* AppDelegate.swift */,
				E8E3F1FE2A8E38F1003AD1AC /* SceneDelegate.swift */,
			);
			path = Base;
			sourceTree = "<group>";
		};
		E8E3F2132A8E3FDB003AD1AC /* Modules */ = {
			isa = PBXGroup;
			children = (
				E8E3F2142A8E3FF6003AD1AC /* Home */,
				E8E3F2152A8E3FFD003AD1AC /* Detail */,
			);
			path = Modules;
			sourceTree = "<group>";
		};
		E8E3F2142A8E3FF6003AD1AC /* Home */ = {
			isa = PBXGroup;
			children = (
				E8EDF21C2A8E4C0A0008FE58 /* Cell */,
				E8E3F2102A8E3F00003AD1AC /* HomeView.swift */,
				E8E3F2162A8E4019003AD1AC /* HomeInteractor.swift */,
				E8E3F2182A8E4020003AD1AC /* HomePresenter.swift */,
				E8E3F21A2A8E402F003AD1AC /* HomeEntity.swift */,
				E8E3F21C2A8E4036003AD1AC /* HomeRouter.swift */,
			);
			path = Home;
			sourceTree = "<group>";
		};
		E8E3F2152A8E3FFD003AD1AC /* Detail */ = {
			isa = PBXGroup;
			children = (
				E8E3F21E2A8E4040003AD1AC /* DetailView.swift */,
				E8E3F2202A8E4047003AD1AC /* DetailInteractor.swift */,
				E8E3F2222A8E404D003AD1AC /* DetailPresenter.swift */,
				E8E3F2242A8E4058003AD1AC /* DetailEntity.swift */,
				E8E3F2262A8E405D003AD1AC /* DetailRouter.swift */,
			);
			path = Detail;
			sourceTree = "<group>";
		};
		E8EDF21C2A8E4C0A0008FE58 /* Cell */ = {
			isa = PBXGroup;
			children = (
				E8EDF21D2A8E4C170008FE58 /* HomeCell.swift */,
			);
			path = Cell;
			sourceTree = "<group>";
		};
/* End PBXGroup section */

/* Begin PBXNativeTarget section */
		E8E3F1F82A8E38F1003AD1AC /* MealApp */ = {
			isa = PBXNativeTarget;
			buildConfigurationList = E8E3F20D2A8E38F5003AD1AC /* Build configuration list for PBXNativeTarget "MealApp" */;
			buildPhases = (
				E8E3F1F52A8E38F1003AD1AC /* Sources */,
				E8E3F1F62A8E38F1003AD1AC /* Frameworks */,
				E8E3F1F72A8E38F1003AD1AC /* Resources */,
			);
			buildRules = (
			);
			dependencies = (
			);
			name = MealApp;
			packageProductDependencies = (
				E8E3F2292A8E40CA003AD1AC /* SnapKit */,
				E8EDF2172A8E4B3F0008FE58 /* Alamofire */,
				E8EDF21A2A8E4B4B0008FE58 /* Kingfisher */,
				E80BCC932A9BC81800003E61 /* YouTubeiOSPlayerHelper */,
			);
			productName = MealApp;
			productReference = E8E3F1F92A8E38F1003AD1AC /* MealApp.app */;
			productType = "com.apple.product-type.application";
		};
/* End PBXNativeTarget section */

/* Begin PBXProject section */
		E8E3F1F12A8E38F1003AD1AC /* Project object */ = {
			isa = PBXProject;
			attributes = {
				BuildIndependentTargetsInParallel = 1;
				LastSwiftUpdateCheck = 1410;
				LastUpgradeCheck = 1410;
				TargetAttributes = {
					E8E3F1F82A8E38F1003AD1AC = {
						CreatedOnToolsVersion = 14.1;
					};
				};
			};
			buildConfigurationList = E8E3F1F42A8E38F1003AD1AC /* Build configuration list for PBXProject "MealApp" */;
			compatibilityVersion = "Xcode 14.0";
			developmentRegion = en;
			hasScannedForEncodings = 0;
			knownRegions = (
				en,
				Base,
			);
			mainGroup = E8E3F1F02A8E38F1003AD1AC;
			packageReferences = (
				E8E3F2282A8E40CA003AD1AC /* XCRemoteSwiftPackageReference "SnapKit" */,
				E8EDF2162A8E4B3F0008FE58 /* XCRemoteSwiftPackageReference "Alamofire" */,
				E8EDF2192A8E4B4B0008FE58 /* XCRemoteSwiftPackageReference "Kingfisher" */,
				E80BCC922A9BC81800003E61 /* XCRemoteSwiftPackageReference "youtube-ios-player-helper" */,
			);
			productRefGroup = E8E3F1FA2A8E38F1003AD1AC /* Products */;
			projectDirPath = "";
			projectRoot = "";
			targets = (
				E8E3F1F82A8E38F1003AD1AC /* MealApp */,
			);
		};
/* End PBXProject section */

/* Begin PBXResourcesBuildPhase section */
		E8E3F1F72A8E38F1003AD1AC /* Resources */ = {
			isa = PBXResourcesBuildPhase;
			buildActionMask = 2147483647;
			files = (
				E8E3F2092A8E38F5003AD1AC /* LaunchScreen.storyboard in Resources */,
				E8E3F2062A8E38F5003AD1AC /* Assets.xcassets in Resources */,
			);
			runOnlyForDeploymentPostprocessing = 0;
		};
/* End PBXResourcesBuildPhase section */

/* Begin PBXSourcesBuildPhase section */
		E8E3F1F52A8E38F1003AD1AC /* Sources */ = {
			isa = PBXSourcesBuildPhase;
			buildActionMask = 2147483647;
			files = (
				E8E3F2112A8E3F00003AD1AC /* HomeView.swift in Sources */,
				E80BCC8E2A9B9EFC00003E61 /* Character+Extension.swift in Sources */,
				E80BCC832A93784700003E61 /* CustomErrors.swift in Sources */,
				E8E3F2252A8E4058003AD1AC /* DetailEntity.swift in Sources */,
				E80BCC9D2A9C833500003E61 /* VideoEntity.swift in Sources */,
				E80BCC992A9C832600003E61 /* VideoInteractor.swift in Sources */,
				E8E3F21F2A8E4040003AD1AC /* DetailView.swift in Sources */,
				E80BCC9B2A9C832E00003E61 /* VideoPresenter.swift in Sources */,
				E8E3F21B2A8E402F003AD1AC /* HomeEntity.swift in Sources */,
				E8E3F2232A8E404E003AD1AC /* DetailPresenter.swift in Sources */,
				E80BCC892A977EAB00003E61 /* UIViewController+Extension.swift in Sources */,
				E8E3F2212A8E4047003AD1AC /* DetailInteractor.swift in Sources */,
				E8EDF21E2A8E4C170008FE58 /* HomeCell.swift in Sources */,
				E8E3F21D2A8E4036003AD1AC /* HomeRouter.swift in Sources */,
				E8E3F1FD2A8E38F1003AD1AC /* AppDelegate.swift in Sources */,
				E8EDF2202A8E4C630008FE58 /* Color.swift in Sources */,
				E80BCC7F2A93733D00003E61 /* Endpoint.swift in Sources */,
				E8E3F1FF2A8E38F1003AD1AC /* SceneDelegate.swift in Sources */,
				E80BCC902A9BA3E600003E61 /* MealEnums.swift in Sources */,
				E80BCCA12A9CA5DB00003E61 /* String+Extension.swift in Sources */,
				E8E3F2272A8E405D003AD1AC /* DetailRouter.swift in Sources */,
				E80BCC7B2A936AF200003E61 /* NetworkManager.swift in Sources */,
				E80BCC812A93746300003E61 /* NetworkMethod.swift in Sources */,
				E80BCC9F2A9C833F00003E61 /* VideoRouter.swift in Sources */,
				E8E3F2192A8E4020003AD1AC /* HomePresenter.swift in Sources */,
				E80BCC972A9C831C00003E61 /* VideoView.swift in Sources */,
				E8E3F2172A8E4019003AD1AC /* HomeInteractor.swift in Sources */,
			);
			runOnlyForDeploymentPostprocessing = 0;
		};
/* End PBXSourcesBuildPhase section */

/* Begin PBXVariantGroup section */
		E8E3F2072A8E38F5003AD1AC /* LaunchScreen.storyboard */ = {
			isa = PBXVariantGroup;
			children = (
				E8E3F2082A8E38F5003AD1AC /* Base */,
			);
			name = LaunchScreen.storyboard;
			sourceTree = "<group>";
		};
/* End PBXVariantGroup section */

/* Begin XCBuildConfiguration section */
		E8E3F20B2A8E38F5003AD1AC /* Debug */ = {
			isa = XCBuildConfiguration;
			buildSettings = {
				ALWAYS_SEARCH_USER_PATHS = NO;
				CLANG_ANALYZER_NONNULL = YES;
				CLANG_ANALYZER_NUMBER_OBJECT_CONVERSION = YES_AGGRESSIVE;
				CLANG_CXX_LANGUAGE_STANDARD = "gnu++20";
				CLANG_ENABLE_MODULES = YES;
				CLANG_ENABLE_OBJC_ARC = YES;
				CLANG_ENABLE_OBJC_WEAK = YES;
				CLANG_WARN_BLOCK_CAPTURE_AUTORELEASING = YES;
				CLANG_WARN_BOOL_CONVERSION = YES;
				CLANG_WARN_COMMA = YES;
				CLANG_WARN_CONSTANT_CONVERSION = YES;
				CLANG_WARN_DEPRECATED_OBJC_IMPLEMENTATIONS = YES;
				CLANG_WARN_DIRECT_OBJC_ISA_USAGE = YES_ERROR;
				CLANG_WARN_DOCUMENTATION_COMMENTS = YES;
				CLANG_WARN_EMPTY_BODY = YES;
				CLANG_WARN_ENUM_CONVERSION = YES;
				CLANG_WARN_INFINITE_RECURSION = YES;
				CLANG_WARN_INT_CONVERSION = YES;
				CLANG_WARN_NON_LITERAL_NULL_CONVERSION = YES;
				CLANG_WARN_OBJC_IMPLICIT_RETAIN_SELF = YES;
				CLANG_WARN_OBJC_LITERAL_CONVERSION = YES;
				CLANG_WARN_OBJC_ROOT_CLASS = YES_ERROR;
				CLANG_WARN_QUOTED_INCLUDE_IN_FRAMEWORK_HEADER = YES;
				CLANG_WARN_RANGE_LOOP_ANALYSIS = YES;
				CLANG_WARN_STRICT_PROTOTYPES = YES;
				CLANG_WARN_SUSPICIOUS_MOVE = YES;
				CLANG_WARN_UNGUARDED_AVAILABILITY = YES_AGGRESSIVE;
				CLANG_WARN_UNREACHABLE_CODE = YES;
				CLANG_WARN__DUPLICATE_METHOD_MATCH = YES;
				COPY_PHASE_STRIP = NO;
				DEBUG_INFORMATION_FORMAT = dwarf;
				ENABLE_STRICT_OBJC_MSGSEND = YES;
				ENABLE_TESTABILITY = YES;
				GCC_C_LANGUAGE_STANDARD = gnu11;
				GCC_DYNAMIC_NO_PIC = NO;
				GCC_NO_COMMON_BLOCKS = YES;
				GCC_OPTIMIZATION_LEVEL = 0;
				GCC_PREPROCESSOR_DEFINITIONS = (
					"DEBUG=1",
					"$(inherited)",
				);
				GCC_WARN_64_TO_32_BIT_CONVERSION = YES;
				GCC_WARN_ABOUT_RETURN_TYPE = YES_ERROR;
				GCC_WARN_UNDECLARED_SELECTOR = YES;
				GCC_WARN_UNINITIALIZED_AUTOS = YES_AGGRESSIVE;
				GCC_WARN_UNUSED_FUNCTION = YES;
				GCC_WARN_UNUSED_VARIABLE = YES;
				IPHONEOS_DEPLOYMENT_TARGET = 16.1;
				MTL_ENABLE_DEBUG_INFO = INCLUDE_SOURCE;
				MTL_FAST_MATH = YES;
				ONLY_ACTIVE_ARCH = YES;
				SDKROOT = iphoneos;
				SWIFT_ACTIVE_COMPILATION_CONDITIONS = DEBUG;
				SWIFT_OPTIMIZATION_LEVEL = "-Onone";
			};
			name = Debug;
		};
		E8E3F20C2A8E38F5003AD1AC /* Release */ = {
			isa = XCBuildConfiguration;
			buildSettings = {
				ALWAYS_SEARCH_USER_PATHS = NO;
				CLANG_ANALYZER_NONNULL = YES;
				CLANG_ANALYZER_NUMBER_OBJECT_CONVERSION = YES_AGGRESSIVE;
				CLANG_CXX_LANGUAGE_STANDARD = "gnu++20";
				CLANG_ENABLE_MODULES = YES;
				CLANG_ENABLE_OBJC_ARC = YES;
				CLANG_ENABLE_OBJC_WEAK = YES;
				CLANG_WARN_BLOCK_CAPTURE_AUTORELEASING = YES;
				CLANG_WARN_BOOL_CONVERSION = YES;
				CLANG_WARN_COMMA = YES;
				CLANG_WARN_CONSTANT_CONVERSION = YES;
				CLANG_WARN_DEPRECATED_OBJC_IMPLEMENTATIONS = YES;
				CLANG_WARN_DIRECT_OBJC_ISA_USAGE = YES_ERROR;
				CLANG_WARN_DOCUMENTATION_COMMENTS = YES;
				CLANG_WARN_EMPTY_BODY = YES;
				CLANG_WARN_ENUM_CONVERSION = YES;
				CLANG_WARN_INFINITE_RECURSION = YES;
				CLANG_WARN_INT_CONVERSION = YES;
				CLANG_WARN_NON_LITERAL_NULL_CONVERSION = YES;
				CLANG_WARN_OBJC_IMPLICIT_RETAIN_SELF = YES;
				CLANG_WARN_OBJC_LITERAL_CONVERSION = YES;
				CLANG_WARN_OBJC_ROOT_CLASS = YES_ERROR;
				CLANG_WARN_QUOTED_INCLUDE_IN_FRAMEWORK_HEADER = YES;
				CLANG_WARN_RANGE_LOOP_ANALYSIS = YES;
				CLANG_WARN_STRICT_PROTOTYPES = YES;
				CLANG_WARN_SUSPICIOUS_MOVE = YES;
				CLANG_WARN_UNGUARDED_AVAILABILITY = YES_AGGRESSIVE;
				CLANG_WARN_UNREACHABLE_CODE = YES;
				CLANG_WARN__DUPLICATE_METHOD_MATCH = YES;
				COPY_PHASE_STRIP = NO;
				DEBUG_INFORMATION_FORMAT = "dwarf-with-dsym";
				ENABLE_NS_ASSERTIONS = NO;
				ENABLE_STRICT_OBJC_MSGSEND = YES;
				GCC_C_LANGUAGE_STANDARD = gnu11;
				GCC_NO_COMMON_BLOCKS = YES;
				GCC_WARN_64_TO_32_BIT_CONVERSION = YES;
				GCC_WARN_ABOUT_RETURN_TYPE = YES_ERROR;
				GCC_WARN_UNDECLARED_SELECTOR = YES;
				GCC_WARN_UNINITIALIZED_AUTOS = YES_AGGRESSIVE;
				GCC_WARN_UNUSED_FUNCTION = YES;
				GCC_WARN_UNUSED_VARIABLE = YES;
				IPHONEOS_DEPLOYMENT_TARGET = 16.1;
				MTL_ENABLE_DEBUG_INFO = NO;
				MTL_FAST_MATH = YES;
				SDKROOT = iphoneos;
				SWIFT_COMPILATION_MODE = wholemodule;
				SWIFT_OPTIMIZATION_LEVEL = "-O";
				VALIDATE_PRODUCT = YES;
			};
			name = Release;
		};
		E8E3F20E2A8E38F5003AD1AC /* Debug */ = {
			isa = XCBuildConfiguration;
			buildSettings = {
				ASSETCATALOG_COMPILER_APPICON_NAME = AppIcon;
				ASSETCATALOG_COMPILER_GLOBAL_ACCENT_COLOR_NAME = AccentColor;
				CODE_SIGN_STYLE = Automatic;
				CURRENT_PROJECT_VERSION = 1;
				DEVELOPMENT_TEAM = 29JK24NZ4B;
				EXCLUDED_ARCHS = "";
				GENERATE_INFOPLIST_FILE = YES;
				INFOPLIST_FILE = MealApp/Info.plist;
				INFOPLIST_KEY_UIApplicationSupportsIndirectInputEvents = YES;
				INFOPLIST_KEY_UILaunchStoryboardName = LaunchScreen;
				INFOPLIST_KEY_UIMainStoryboardFile = "";
				INFOPLIST_KEY_UISupportedInterfaceOrientations = UIInterfaceOrientationPortrait;
				INFOPLIST_KEY_UISupportedInterfaceOrientations_iPad = "UIInterfaceOrientationLandscapeLeft UIInterfaceOrientationLandscapeRight UIInterfaceOrientationPortrait UIInterfaceOrientationPortraitUpsideDown";
				IPHONEOS_DEPLOYMENT_TARGET = 13.0;
				LD_RUNPATH_SEARCH_PATHS = (
					"$(inherited)",
					"@executable_path/Frameworks",
				);
				MARKETING_VERSION = 1.0;
				PRODUCT_BUNDLE_IDENTIFIER = com.mine.MealApp;
				PRODUCT_NAME = "$(TARGET_NAME)";
				SUPPORTED_PLATFORMS = "iphoneos iphonesimulator";
				SUPPORTS_MACCATALYST = NO;
				SUPPORTS_MAC_DESIGNED_FOR_IPHONE_IPAD = NO;
				SWIFT_EMIT_LOC_STRINGS = YES;
				SWIFT_VERSION = 5.0;
				TARGETED_DEVICE_FAMILY = 1;
			};
			name = Debug;
		};
		E8E3F20F2A8E38F5003AD1AC /* Release */ = {
			isa = XCBuildConfiguration;
			buildSettings = {
				ASSETCATALOG_COMPILER_APPICON_NAME = AppIcon;
				ASSETCATALOG_COMPILER_GLOBAL_ACCENT_COLOR_NAME = AccentColor;
				CODE_SIGN_STYLE = Automatic;
				CURRENT_PROJECT_VERSION = 1;
				DEVELOPMENT_TEAM = 29JK24NZ4B;
				EXCLUDED_ARCHS = "";
				GENERATE_INFOPLIST_FILE = YES;
				INFOPLIST_FILE = MealApp/Info.plist;
				INFOPLIST_KEY_UIApplicationSupportsIndirectInputEvents = YES;
				INFOPLIST_KEY_UILaunchStoryboardName = LaunchScreen;
				INFOPLIST_KEY_UIMainStoryboardFile = "";
				INFOPLIST_KEY_UISupportedInterfaceOrientations = UIInterfaceOrientationPortrait;
				INFOPLIST_KEY_UISupportedInterfaceOrientations_iPad = "UIInterfaceOrientationLandscapeLeft UIInterfaceOrientationLandscapeRight UIInterfaceOrientationPortrait UIInterfaceOrientationPortraitUpsideDown";
				IPHONEOS_DEPLOYMENT_TARGET = 13.0;
				LD_RUNPATH_SEARCH_PATHS = (
					"$(inherited)",
					"@executable_path/Frameworks",
				);
				MARKETING_VERSION = 1.0;
				PRODUCT_BUNDLE_IDENTIFIER = com.mine.MealApp;
				PRODUCT_NAME = "$(TARGET_NAME)";
				SUPPORTED_PLATFORMS = "iphoneos iphonesimulator";
				SUPPORTS_MACCATALYST = NO;
				SUPPORTS_MAC_DESIGNED_FOR_IPHONE_IPAD = NO;
				SWIFT_EMIT_LOC_STRINGS = YES;
				SWIFT_VERSION = 5.0;
				TARGETED_DEVICE_FAMILY = 1;
			};
			name = Release;
		};
/* End XCBuildConfiguration section */

/* Begin XCConfigurationList section */
		E8E3F1F42A8E38F1003AD1AC /* Build configuration list for PBXProject "MealApp" */ = {
			isa = XCConfigurationList;
			buildConfigurations = (
				E8E3F20B2A8E38F5003AD1AC /* Debug */,
				E8E3F20C2A8E38F5003AD1AC /* Release */,
			);
			defaultConfigurationIsVisible = 0;
			defaultConfigurationName = Release;
		};
		E8E3F20D2A8E38F5003AD1AC /* Build configuration list for PBXNativeTarget "MealApp" */ = {
			isa = XCConfigurationList;
			buildConfigurations = (
				E8E3F20E2A8E38F5003AD1AC /* Debug */,
				E8E3F20F2A8E38F5003AD1AC /* Release */,
			);
			defaultConfigurationIsVisible = 0;
			defaultConfigurationName = Release;
		};
/* End XCConfigurationList section */

/* Begin XCRemoteSwiftPackageReference section */
		E80BCC922A9BC81800003E61 /* XCRemoteSwiftPackageReference "youtube-ios-player-helper" */ = {
			isa = XCRemoteSwiftPackageReference;
			repositoryURL = "https://github.com/youtube/youtube-ios-player-helper.git";
			requirement = {
				kind = upToNextMajorVersion;
				minimumVersion = 1.0.0;
			};
		};
		E8E3F2282A8E40CA003AD1AC /* XCRemoteSwiftPackageReference "SnapKit" */ = {
			isa = XCRemoteSwiftPackageReference;
			repositoryURL = "https://github.com/SnapKit/SnapKit.git";
			requirement = {
				kind = upToNextMajorVersion;
				minimumVersion = 5.0.0;
			};
		};
		E8EDF2162A8E4B3F0008FE58 /* XCRemoteSwiftPackageReference "Alamofire" */ = {
			isa = XCRemoteSwiftPackageReference;
			repositoryURL = "https://github.com/Alamofire/Alamofire.git";
			requirement = {
				kind = upToNextMajorVersion;
				minimumVersion = 5.0.0;
			};
		};
		E8EDF2192A8E4B4B0008FE58 /* XCRemoteSwiftPackageReference "Kingfisher" */ = {
			isa = XCRemoteSwiftPackageReference;
			repositoryURL = "https://github.com/onevcat/Kingfisher.git";
			requirement = {
				branch = master;
				kind = branch;
			};
		};
/* End XCRemoteSwiftPackageReference section */

/* Begin XCSwiftPackageProductDependency section */
		E80BCC932A9BC81800003E61 /* YouTubeiOSPlayerHelper */ = {
			isa = XCSwiftPackageProductDependency;
			package = E80BCC922A9BC81800003E61 /* XCRemoteSwiftPackageReference "youtube-ios-player-helper" */;
			productName = YouTubeiOSPlayerHelper;
		};
		E8E3F2292A8E40CA003AD1AC /* SnapKit */ = {
			isa = XCSwiftPackageProductDependency;
			package = E8E3F2282A8E40CA003AD1AC /* XCRemoteSwiftPackageReference "SnapKit" */;
			productName = SnapKit;
		};
		E8EDF2172A8E4B3F0008FE58 /* Alamofire */ = {
			isa = XCSwiftPackageProductDependency;
			package = E8EDF2162A8E4B3F0008FE58 /* XCRemoteSwiftPackageReference "Alamofire" */;
			productName = Alamofire;
		};
		E8EDF21A2A8E4B4B0008FE58 /* Kingfisher */ = {
			isa = XCSwiftPackageProductDependency;
			package = E8EDF2192A8E4B4B0008FE58 /* XCRemoteSwiftPackageReference "Kingfisher" */;
			productName = Kingfisher;
		};
/* End XCSwiftPackageProductDependency section */
	};
	rootObject = E8E3F1F12A8E38F1003AD1AC /* Project object */;
}
